
Microsoft Visual Studio Solution File, Format Version 12.00
Project("{2150E333-8FDC-42A3-9474-1A3956D46DE8}") = "src", "src", "{54144FAC-5159-4986-AAAE-CD49B7E8B07C}"
EndProject
Project("{FAE04EC0-301F-11D3-BF4B-00C04F79EFBC}") = "Payment.Model", "src\Payment.Model\Payment.Model.csproj", "{CDE94F5E-3312-4C4B-9309-9FAEBB6927C2}"
EndProject
Project("{FAE04EC0-301F-11D3-BF4B-00C04F79EFBC}") = "Payment.Abstractions", "src\Payment.Abstractions\Payment.Abstractions.csproj", "{6669FF59-939E-454F-B712-7E5A569E2B4C}"
EndProject
Project("{FAE04EC0-301F-11D3-BF4B-00C04F79EFBC}") = "Payment.Share", "src\Payment.Share\Payment.Share.csproj", "{56ADDB92-D772-4249-8354-3DDB2E67942A}"
EndProject
Project("{FAE04EC0-301F-11D3-BF4B-00C04F79EFBC}") = "Payment.Service", "src\Payment.Service\Payment.Service.csproj", "{4452A304-7577-451C-8E01-353D8C7720A0}"
EndProject
Project("{FAE04EC0-301F-11D3-BF4B-00C04F79EFBC}") = "Payment.Api", "src\Payment.Api\Payment.Api.csproj", "{59F55276-CABB-417F-A327-A406C6F066A8}"
EndProject
Project("{FAE04EC0-301F-11D3-BF4B-00C04F79EFBC}") = "Payment.Infrastructure", "src\Payment.Infrastructure\Payment.Infrastructure.csproj", "{A172F951-16AE-497F-99CC-7AE859E8F6B9}"
EndProject
Project("{FAE04EC0-301F-11D3-BF4B-00C04F79EFBC}") = "Payment.Stripe", "src\Payment.Stripe\Payment.Stripe.csproj", "{A7AD3835-3094-4FC5-9FA2-F30224337211}"
EndProject
Global
	GlobalSection(SolutionConfigurationPlatforms) = preSolution
		Debug|Any CPU = Debug|Any CPU
		Release|Any CPU = Release|Any CPU
	EndGlobalSection
	GlobalSection(NestedProjects) = preSolution
		{CDE94F5E-3312-4C4B-9309-9FAEBB6927C2} = {54144FAC-5159-4986-AAAE-CD49B7E8B07C}
		{6669FF59-939E-454F-B712-7E5A569E2B4C} = {54144FAC-5159-4986-AAAE-CD49B7E8B07C}
		{56ADDB92-D772-4249-8354-3DDB2E67942A} = {54144FAC-5159-4986-AAAE-CD49B7E8B07C}
		{4452A304-7577-451C-8E01-353D8C7720A0} = {54144FAC-5159-4986-AAAE-CD49B7E8B07C}
		{59F55276-CABB-417F-A327-A406C6F066A8} = {54144FAC-5159-4986-AAAE-CD49B7E8B07C}
		{A172F951-16AE-497F-99CC-7AE859E8F6B9} = {54144FAC-5159-4986-AAAE-CD49B7E8B07C}
		{A7AD3835-3094-4FC5-9FA2-F30224337211} = {54144FAC-5159-4986-AAAE-CD49B7E8B07C}
	EndGlobalSection
	GlobalSection(ProjectConfigurationPlatforms) = postSolution
		{CDE94F5E-3312-4C4B-9309-9FAEBB6927C2}.Debug|Any CPU.ActiveCfg = Debug|Any CPU
		{CDE94F5E-3312-4C4B-9309-9FAEBB6927C2}.Debug|Any CPU.Build.0 = Debug|Any CPU
		{CDE94F5E-3312-4C4B-9309-9FAEBB6927C2}.Release|Any CPU.ActiveCfg = Release|Any CPU
		{CDE94F5E-3312-4C4B-9309-9FAEBB6927C2}.Release|Any CPU.Build.0 = Release|Any CPU
		{6669FF59-939E-454F-B712-7E5A569E2B4C}.Debug|Any CPU.ActiveCfg = Debug|Any CPU
		{6669FF59-939E-454F-B712-7E5A569E2B4C}.Debug|Any CPU.Build.0 = Debug|Any CPU
		{6669FF59-939E-454F-B712-7E5A569E2B4C}.Release|Any CPU.ActiveCfg = Release|Any CPU
		{6669FF59-939E-454F-B712-7E5A569E2B4C}.Release|Any CPU.Build.0 = Release|Any CPU
		{56ADDB92-D772-4249-8354-3DDB2E67942A}.Debug|Any CPU.ActiveCfg = Debug|Any CPU
		{56ADDB92-D772-4249-8354-3DDB2E67942A}.Debug|Any CPU.Build.0 = Debug|Any CPU
		{56ADDB92-D772-4249-8354-3DDB2E67942A}.Release|Any CPU.ActiveCfg = Release|Any CPU
		{56ADDB92-D772-4249-8354-3DDB2E67942A}.Release|Any CPU.Build.0 = Release|Any CPU
		{4452A304-7577-451C-8E01-353D8C7720A0}.Debug|Any CPU.ActiveCfg = Debug|Any CPU
		{4452A304-7577-451C-8E01-353D8C7720A0}.Debug|Any CPU.Build.0 = Debug|Any CPU
		{4452A304-7577-451C-8E01-353D8C7720A0}.Release|Any CPU.ActiveCfg = Release|Any CPU
		{4452A304-7577-451C-8E01-353D8C7720A0}.Release|Any CPU.Build.0 = Release|Any CPU
		{59F55276-CABB-417F-A327-A406C6F066A8}.Debug|Any CPU.ActiveCfg = Debug|Any CPU
		{59F55276-CABB-417F-A327-A406C6F066A8}.Debug|Any CPU.Build.0 = Debug|Any CPU
		{59F55276-CABB-417F-A327-A406C6F066A8}.Release|Any CPU.ActiveCfg = Release|Any CPU
		{59F55276-CABB-417F-A327-A406C6F066A8}.Release|Any CPU.Build.0 = Release|Any CPU
		{A172F951-16AE-497F-99CC-7AE859E8F6B9}.Debug|Any CPU.ActiveCfg = Debug|Any CPU
		{A172F951-16AE-497F-99CC-7AE859E8F6B9}.Debug|Any CPU.Build.0 = Debug|Any CPU
		{A172F951-16AE-497F-99CC-7AE859E8F6B9}.Release|Any CPU.ActiveCfg = Release|Any CPU
		{A172F951-16AE-497F-99CC-7AE859E8F6B9}.Release|Any CPU.Build.0 = Release|Any CPU
		{A7AD3835-3094-4FC5-9FA2-F30224337211}.Debug|Any CPU.ActiveCfg = Debug|Any CPU
		{A7AD3835-3094-4FC5-9FA2-F30224337211}.Debug|Any CPU.Build.0 = Debug|Any CPU
		{A7AD3835-3094-4FC5-9FA2-F30224337211}.Release|Any CPU.ActiveCfg = Release|Any CPU
		{A7AD3835-3094-4FC5-9FA2-F30224337211}.Release|Any CPU.Build.0 = Release|Any CPU
	EndGlobalSection
EndGlobal
